
Microsoft Visual Studio Solution File, Format Version 12.00
# Visual Studio Version 16
VisualStudioVersion = 16.0.29025.244
MinimumVisualStudioVersion = 10.0.40219.1
Project("{FAE04EC0-301F-11D3-BF4B-00C04F79EFBC}") = "Calculadora", "Calculadora.csproj", "{B1FD92EA-620C-4309-9BE6-15027A50F645}"
EndProject
Project("{FAE04EC0-301F-11D3-BF4B-00C04F79EFBC}") = "UnitTestCalculadora", "..\UnitTestCalculadora\UnitTestCalculadora.csproj", "{2B762C3D-42C1-42A3-818E-52F5A252378E}"
EndProject
Global
	GlobalSection(SolutionConfigurationPlatforms) = preSolution
		Debug|Any CPU = Debug|Any CPU
		Release|Any CPU = Release|Any CPU
	EndGlobalSection
	GlobalSection(ProjectConfigurationPlatforms) = postSolution
		{B1FD92EA-620C-4309-9BE6-15027A50F645}.Debug|Any CPU.ActiveCfg = Debug|Any CPU
		{B1FD92EA-620C-4309-9BE6-15027A50F645}.Debug|Any CPU.Build.0 = Debug|Any CPU
		{B1FD92EA-620C-4309-9BE6-15027A50F645}.Release|Any CPU.ActiveCfg = Release|Any CPU
		{B1FD92EA-620C-4309-9BE6-15027A50F645}.Release|Any CPU.Build.0 = Release|Any CPU
		{2B762C3D-42C1-42A3-818E-52F5A252378E}.Debug|Any CPU.ActiveCfg = Debug|Any CPU
		{2B762C3D-42C1-42A3-818E-52F5A252378E}.Release|Any CPU.ActiveCfg = Release|Any CPU
		{2B762C3D-42C1-42A3-818E-52F5A252378E}.Release|Any CPU.Build.0 = Release|Any CPU
	EndGlobalSection
	GlobalSection(SolutionProperties) = preSolution
		HideSolutionNode = FALSE
	EndGlobalSection
	GlobalSection(ExtensibilityGlobals) = postSolution
		SolutionGuid = {BC127398-1380-491E-B832-E7BEE67CCB35}
	EndGlobalSection
EndGlobal
